
Microsoft Visual Studio Solution File, Format Version 12.00
# Visual Studio Version 17
VisualStudioVersion = 17.11.35431.28
MinimumVisualStudioVersion = 10.0.40219.1
Project("{FAE04EC0-301F-11D3-BF4B-00C04F79EFBC}") = "RestaurantsMenu", "RestaurantsMenu\RestaurantsMenu.csproj", "{1A453D92-FB6C-47EC-9F8D-1892473383F3}"
EndProject
Global
	GlobalSection(SolutionConfigurationPlatforms) = preSolution
		Debug|Any CPU = Debug|Any CPU
		Release|Any CPU = Release|Any CPU
	EndGlobalSection
	GlobalSection(ProjectConfigurationPlatforms) = postSolution
		{1A453D92-FB6C-47EC-9F8D-1892473383F3}.Debug|Any CPU.ActiveCfg = Debug|Any CPU
		{1A453D92-FB6C-47EC-9F8D-1892473383F3}.Debug|Any CPU.Build.0 = Debug|Any CPU
		{1A453D92-FB6C-47EC-9F8D-1892473383F3}.Release|Any CPU.ActiveCfg = Release|Any CPU
		{1A453D92-FB6C-47EC-9F8D-1892473383F3}.Release|Any CPU.Build.0 = Release|Any CPU
	EndGlobalSection
	GlobalSection(SolutionProperties) = preSolution
		HideSolutionNode = FALSE
	EndGlobalSection
	GlobalSection(ExtensibilityGlobals) = postSolution
		SolutionGuid = {5AB4D335-373D-4F18-95DB-FD8A342991E7}
	EndGlobalSection
EndGlobal
